<?xml version="1.0" encoding="UTF-8" standalone="yes" ?>
<CodeBlocks_project_file>
	<FileVersion major="1" minor="6" />
	<Project>
		<Option title="ajout_list" />
		<Option pch_mode="2" />
		<Option compiler="gcc" />
		<Build>
			<Target title="Debug">
				<Option output="bin/Debug/ajout_list" prefix_auto="1" extension_auto="1" />
				<Option object_output="obj/Debug/" />
				<Option type="1" />
				<Option compiler="gcc" />
				<Compiler>
					<Add option="-g" />
				</Compiler>
			</Target>
			<Target title="Release">
				<Option output="bin/Release/ajout_list" prefix_auto="1" extension_auto="1" />
				<Option object_output="obj/Release/" />
				<Option type="1" />
				<Option compiler="gcc" />
				<Compiler>
					<Add option="-O2" />
				</Compiler>
				<Linker>
					<Add option="-s" />
				</Linker>
			</Target>
		</Build>
		<Compiler>
			<Add option="-Wall" />
			<Add option="-fexceptions" />
		</Compiler>
		<Unit filename="Raquette.cpp" />
		<Unit filename="Raquette.h" />
		<Unit filename="Terrain.cpp" />
		<Unit filename="Terrain.h" />
		<Unit filename="afficheur.h" />
		<Unit filename="afficheurWinBgi.cpp" />
		<Unit filename="afficheurWinBgi.h" />
		<Unit filename="balle.cpp" />
		<Unit filename="balle.h" />
		<Unit filename="brique.cpp" />
		<Unit filename="brique.h" />
		<Unit filename="briqueCassable.cpp" />
		<Unit filename="briqueCassable.h" />
		<Unit filename="briqueCassableApresPlusieurFois.cpp" />
		<Unit filename="briqueCassableApresPlusieurFois.h" />
		<Unit filename="briqueIncassable.cpp" />
		<Unit filename="briqueIncassable.h" />
		<Unit filename="doctest.h" />
		<Unit filename="graphics.h" />
		<Unit filename="list.cpp" />
		<Unit filename="list.h" />
		<Unit filename="mure.cpp" />
		<Unit filename="mure.h" />
		<Unit filename="point.cpp" />
		<Unit filename="point.h" />
		<Unit filename="rectangle.cpp" />
		<Unit filename="rectangle.h" />
		<Unit filename="surface.cpp" />
		<Unit filename="surface.h" />
		<Unit filename="surfaceDure.cpp" />
		<Unit filename="surfaceDure.h" />
		<Unit filename="surfaceMolle.cpp" />
		<Unit filename="surfaceMolle.h" />
		<Unit filename="surfaceNormal.cpp" />
		<Unit filename="surfaceNormal.h" />
		<Unit filename="surfaceTueuse.cpp" />
		<Unit filename="surfaceTueuse.h" />
		<Unit filename="testmain.cpp" />
		<Unit filename="vector.cpp" />
		<Unit filename="vector.h" />
		<Unit filename="winbgi.cpp" />
		<Extensions>
			<lib_finder disable_auto="1" />
		</Extensions>
	</Project>
</CodeBlocks_project_file>
